
Microsoft Visual Studio Solution File, Format Version 12.00
# Visual Studio Version 17
VisualStudioVersion = 17.0.31903.59
MinimumVisualStudioVersion = 10.0.40219.1
Project("{2150E333-8FDC-42A3-9474-1A3956D46DE8}") = "src", "src", "{827E0CD3-B72D-47B6-A68D-7590B98EB39B}"
EndProject
Project("{2150E333-8FDC-42A3-9474-1A3956D46DE8}") = "Api", "Api", "{81034408-37C8-1011-444E-4C15C2FADA8E}"
EndProject
Project("{FAE04EC0-301F-11D3-BF4B-00C04F79EFBC}") = "ShareFlow.Api", "src\Api\ShareFlow.Api.csproj", "{A23BAD4D-7F10-4850-82BC-0BB5F003B7DE}"
EndProject
Project("{FAE04EC0-301F-11D3-BF4B-00C04F79EFBC}") = "ShareFlow.Application", "src\Application\ShareFlow.Application.csproj", "{77EB598B-D9DA-4777-9C21-94BD4858A5DB}"
EndProject
Project("{FAE04EC0-301F-11D3-BF4B-00C04F79EFBC}") = "ShareFlow.Domain", "src\Domain\ShareFlow.Domain.csproj", "{05568CFB-492B-46CC-872D-E605D4783248}"
EndProject
Project("{FAE04EC0-301F-11D3-BF4B-00C04F79EFBC}") = "ShareFlow.Infrastructure", "src\Infrastructure\ShareFlow.Infrastructure.csproj", "{6FAFD25A-92FB-41C6-BDCE-23230B8DAC45}"
EndProject
Project("{FAE04EC0-301F-11D3-BF4B-00C04F79EFBC}") = "ShareFlow.Migrator", "src\Migrator\ShareFlow.Migrator.csproj", "{9218E0AF-CE84-409D-9753-3618F5235A87}"
EndProject
Project("{FAE04EC0-301F-11D3-BF4B-00C04F79EFBC}") = "ShareFlow.Tests", "tests\UnitTests\ShareFlow.Tests.csproj", "{BCBFBC66-4FFF-49F4-8E6F-40637574B384}"
EndProject
Global
	GlobalSection(SolutionConfigurationPlatforms) = preSolution
		Debug|Any CPU = Debug|Any CPU
		Debug|x64 = Debug|x64
		Debug|x86 = Debug|x86
		Release|Any CPU = Release|Any CPU
		Release|x64 = Release|x64
		Release|x86 = Release|x86
	EndGlobalSection
	GlobalSection(ProjectConfigurationPlatforms) = postSolution
		{A23BAD4D-7F10-4850-82BC-0BB5F003B7DE}.Debug|Any CPU.ActiveCfg = Debug|Any CPU
		{A23BAD4D-7F10-4850-82BC-0BB5F003B7DE}.Debug|Any CPU.Build.0 = Debug|Any CPU
		{A23BAD4D-7F10-4850-82BC-0BB5F003B7DE}.Debug|x64.ActiveCfg = Debug|Any CPU
		{A23BAD4D-7F10-4850-82BC-0BB5F003B7DE}.Debug|x64.Build.0 = Debug|Any CPU
		{A23BAD4D-7F10-4850-82BC-0BB5F003B7DE}.Debug|x86.ActiveCfg = Debug|Any CPU
		{A23BAD4D-7F10-4850-82BC-0BB5F003B7DE}.Debug|x86.Build.0 = Debug|Any CPU
		{A23BAD4D-7F10-4850-82BC-0BB5F003B7DE}.Release|Any CPU.ActiveCfg = Release|Any CPU
		{A23BAD4D-7F10-4850-82BC-0BB5F003B7DE}.Release|Any CPU.Build.0 = Release|Any CPU
		{A23BAD4D-7F10-4850-82BC-0BB5F003B7DE}.Release|x64.ActiveCfg = Release|Any CPU
		{A23BAD4D-7F10-4850-82BC-0BB5F003B7DE}.Release|x64.Build.0 = Release|Any CPU
		{A23BAD4D-7F10-4850-82BC-0BB5F003B7DE}.Release|x86.ActiveCfg = Release|Any CPU
		{A23BAD4D-7F10-4850-82BC-0BB5F003B7DE}.Release|x86.Build.0 = Release|Any CPU
		{77EB598B-D9DA-4777-9C21-94BD4858A5DB}.Debug|Any CPU.ActiveCfg = Debug|Any CPU
		{77EB598B-D9DA-4777-9C21-94BD4858A5DB}.Debug|Any CPU.Build.0 = Debug|Any CPU
		{77EB598B-D9DA-4777-9C21-94BD4858A5DB}.Debug|x64.ActiveCfg = Debug|Any CPU
		{77EB598B-D9DA-4777-9C21-94BD4858A5DB}.Debug|x64.Build.0 = Debug|Any CPU
		{77EB598B-D9DA-4777-9C21-94BD4858A5DB}.Debug|x86.ActiveCfg = Debug|Any CPU
		{77EB598B-D9DA-4777-9C21-94BD4858A5DB}.Debug|x86.Build.0 = Debug|Any CPU
		{77EB598B-D9DA-4777-9C21-94BD4858A5DB}.Release|Any CPU.ActiveCfg = Release|Any CPU
		{77EB598B-D9DA-4777-9C21-94BD4858A5DB}.Release|Any CPU.Build.0 = Release|Any CPU
		{77EB598B-D9DA-4777-9C21-94BD4858A5DB}.Release|x64.ActiveCfg = Release|Any CPU
		{77EB598B-D9DA-4777-9C21-94BD4858A5DB}.Release|x64.Build.0 = Release|Any CPU
		{77EB598B-D9DA-4777-9C21-94BD4858A5DB}.Release|x86.ActiveCfg = Release|Any CPU
		{77EB598B-D9DA-4777-9C21-94BD4858A5DB}.Release|x86.Build.0 = Release|Any CPU
		{05568CFB-492B-46CC-872D-E605D4783248}.Debug|Any CPU.ActiveCfg = Debug|Any CPU
		{05568CFB-492B-46CC-872D-E605D4783248}.Debug|Any CPU.Build.0 = Debug|Any CPU
		{05568CFB-492B-46CC-872D-E605D4783248}.Debug|x64.ActiveCfg = Debug|Any CPU
		{05568CFB-492B-46CC-872D-E605D4783248}.Debug|x64.Build.0 = Debug|Any CPU
		{05568CFB-492B-46CC-872D-E605D4783248}.Debug|x86.ActiveCfg = Debug|Any CPU
		{05568CFB-492B-46CC-872D-E605D4783248}.Debug|x86.Build.0 = Debug|Any CPU
		{05568CFB-492B-46CC-872D-E605D4783248}.Release|Any CPU.ActiveCfg = Release|Any CPU
		{05568CFB-492B-46CC-872D-E605D4783248}.Release|Any CPU.Build.0 = Release|Any CPU
		{05568CFB-492B-46CC-872D-E605D4783248}.Release|x64.ActiveCfg = Release|Any CPU
		{05568CFB-492B-46CC-872D-E605D4783248}.Release|x64.Build.0 = Release|Any CPU
		{05568CFB-492B-46CC-872D-E605D4783248}.Release|x86.ActiveCfg = Release|Any CPU
		{05568CFB-492B-46CC-872D-E605D4783248}.Release|x86.Build.0 = Release|Any CPU
		{6FAFD25A-92FB-41C6-BDCE-23230B8DAC45}.Debug|Any CPU.ActiveCfg = Debug|Any CPU
		{6FAFD25A-92FB-41C6-BDCE-23230B8DAC45}.Debug|Any CPU.Build.0 = Debug|Any CPU
		{6FAFD25A-92FB-41C6-BDCE-23230B8DAC45}.Debug|x64.ActiveCfg = Debug|Any CPU
		{6FAFD25A-92FB-41C6-BDCE-23230B8DAC45}.Debug|x64.Build.0 = Debug|Any CPU
		{6FAFD25A-92FB-41C6-BDCE-23230B8DAC45}.Debug|x86.ActiveCfg = Debug|Any CPU
		{6FAFD25A-92FB-41C6-BDCE-23230B8DAC45}.Debug|x86.Build.0 = Debug|Any CPU
		{6FAFD25A-92FB-41C6-BDCE-23230B8DAC45}.Release|Any CPU.ActiveCfg = Release|Any CPU
		{6FAFD25A-92FB-41C6-BDCE-23230B8DAC45}.Release|Any CPU.Build.0 = Release|Any CPU
		{6FAFD25A-92FB-41C6-BDCE-23230B8DAC45}.Release|x64.ActiveCfg = Release|Any CPU
		{6FAFD25A-92FB-41C6-BDCE-23230B8DAC45}.Release|x64.Build.0 = Release|Any CPU
		{6FAFD25A-92FB-41C6-BDCE-23230B8DAC45}.Release|x86.ActiveCfg = Release|Any CPU
		{6FAFD25A-92FB-41C6-BDCE-23230B8DAC45}.Release|x86.Build.0 = Release|Any CPU
		{9218E0AF-CE84-409D-9753-3618F5235A87}.Debug|Any CPU.ActiveCfg = Debug|Any CPU
		{9218E0AF-CE84-409D-9753-3618F5235A87}.Debug|Any CPU.Build.0 = Debug|Any CPU
		{9218E0AF-CE84-409D-9753-3618F5235A87}.Debug|x64.ActiveCfg = Debug|Any CPU
		{9218E0AF-CE84-409D-9753-3618F5235A87}.Debug|x64.Build.0 = Debug|Any CPU
		{9218E0AF-CE84-409D-9753-3618F5235A87}.Debug|x86.ActiveCfg = Debug|Any CPU
		{9218E0AF-CE84-409D-9753-3618F5235A87}.Debug|x86.Build.0 = Debug|Any CPU
		{9218E0AF-CE84-409D-9753-3618F5235A87}.Release|Any CPU.ActiveCfg = Release|Any CPU
		{9218E0AF-CE84-409D-9753-3618F5235A87}.Release|Any CPU.Build.0 = Release|Any CPU
		{9218E0AF-CE84-409D-9753-3618F5235A87}.Release|x64.ActiveCfg = Release|Any CPU
		{9218E0AF-CE84-409D-9753-3618F5235A87}.Release|x64.Build.0 = Release|Any CPU
		{9218E0AF-CE84-409D-9753-3618F5235A87}.Release|x86.ActiveCfg = Release|Any CPU
		{9218E0AF-CE84-409D-9753-3618F5235A87}.Release|x86.Build.0 = Release|Any CPU
		{BCBFBC66-4FFF-49F4-8E6F-40637574B384}.Debug|Any CPU.ActiveCfg = Debug|Any CPU
		{BCBFBC66-4FFF-49F4-8E6F-40637574B384}.Debug|Any CPU.Build.0 = Debug|Any CPU
		{BCBFBC66-4FFF-49F4-8E6F-40637574B384}.Debug|x64.ActiveCfg = Debug|Any CPU
		{BCBFBC66-4FFF-49F4-8E6F-40637574B384}.Debug|x64.Build.0 = Debug|Any CPU
		{BCBFBC66-4FFF-49F4-8E6F-40637574B384}.Debug|x86.ActiveCfg = Debug|Any CPU
		{BCBFBC66-4FFF-49F4-8E6F-40637574B384}.Debug|x86.Build.0 = Debug|Any CPU
		{BCBFBC66-4FFF-49F4-8E6F-40637574B384}.Release|Any CPU.ActiveCfg = Release|Any CPU
		{BCBFBC66-4FFF-49F4-8E6F-40637574B384}.Release|Any CPU.Build.0 = Release|Any CPU
		{BCBFBC66-4FFF-49F4-8E6F-40637574B384}.Release|x64.ActiveCfg = Release|Any CPU
		{BCBFBC66-4FFF-49F4-8E6F-40637574B384}.Release|x64.Build.0 = Release|Any CPU
		{BCBFBC66-4FFF-49F4-8E6F-40637574B384}.Release|x86.ActiveCfg = Release|Any CPU
		{BCBFBC66-4FFF-49F4-8E6F-40637574B384}.Release|x86.Build.0 = Release|Any CPU
	EndGlobalSection
	GlobalSection(SolutionProperties) = preSolution
		HideSolutionNode = FALSE
	EndGlobalSection
	GlobalSection(NestedProjects) = preSolution
		{81034408-37C8-1011-444E-4C15C2FADA8E} = {827E0CD3-B72D-47B6-A68D-7590B98EB39B}
		{A23BAD4D-7F10-4850-82BC-0BB5F003B7DE} = {81034408-37C8-1011-444E-4C15C2FADA8E}
		{77EB598B-D9DA-4777-9C21-94BD4858A5DB} = {81034408-37C8-1011-444E-4C15C2FADA8E}
		{05568CFB-492B-46CC-872D-E605D4783248} = {81034408-37C8-1011-444E-4C15C2FADA8E}
		{6FAFD25A-92FB-41C6-BDCE-23230B8DAC45} = {81034408-37C8-1011-444E-4C15C2FADA8E}
		{9218E0AF-CE84-409D-9753-3618F5235A87} = {81034408-37C8-1011-444E-4C15C2FADA8E}
		{BCBFBC66-4FFF-49F4-8E6F-40637574B384} = {81034408-37C8-1011-444E-4C15C2FADA8E}
	EndGlobalSection
EndGlobal
